# This file is automatically @generated by Poetry 1.8.2 and should not be changed by hand.

[[package]]
name = "dnspython"
version = "2.7.0"
description = "DNS toolkit"
optional = false
python-versions = ">=3.9"
files = [
    {file = "dnspython-2.7.0-py3-none-any.whl", hash = "sha256:b4c34b7d10b51bcc3a5071e7b8dee77939f1e878477eeecc965e9835f63c6c86"},
    {file = "dnspython-2.7.0.tar.gz", hash = "sha256:ce9c432eda0dc91cf618a5cedf1a4e142651196bbcd2c80e89ed5a907e5cfaf1"},
]

[package.extras]
dev = ["black (>=23.1.0)", "coverage (>=7.0)", "flake8 (>=7)", "hypercorn (>=0.16.0)", "mypy (>=1.8)", "pylint (>=3)", "pytest (>=7.4)", "pytest-cov (>=4.1.0)", "quart-trio (>=0.11.0)", "sphinx (>=7.2.0)", "sphinx-rtd-theme (>=2.0.0)", "twine (>=4.0.0)", "wheel (>=0.42.0)"]
dnssec = ["cryptography (>=43)"]
doh = ["h2 (>=4.1.0)", "httpcore (>=1.0.0)", "httpx (>=0.26.0)"]
doq = ["aioquic (>=1.0.0)"]
idna = ["idna (>=3.7)"]
trio = ["trio (>=0.23)"]
wmi = ["wmi (>=1.5.1)"]

[[package]]
name = "pymongo"
version = "4.11.1"
description = "Python driver for MongoDB <http://www.mongodb.org>"
optional = false
python-versions = ">=3.9"
files = [
    {file = "pymongo-4.11.1-cp310-cp310-macosx_10_9_x86_64.whl", hash = "sha256:e596caec72db62a3f438559dfa46d22faefea1967279f553f936ddcb873903df"},
    {file = "pymongo-4.11.1-cp310-cp310-macosx_11_0_arm64.whl", hash = "sha256:15a88b25efcd61c5e539e9204932849b20f393efa330771676e860c4466fe8ad"},
    {file = "pymongo-4.11.1-cp310-cp310-manylinux_2_17_aarch64.manylinux2014_aarch64.whl", hash = "sha256:e7073a740aad257f9d2c12cb95a08f17db1f273d422e7ddfed9895738571cac7"},
    {file = "pymongo-4.11.1-cp310-cp310-manylinux_2_17_ppc64le.manylinux2014_ppc64le.whl", hash = "sha256:25b7cadae1d5287b2eed3d901a347f3fa9bc3f898532e1cb7f28a1c9237d824d"},
    {file = "pymongo-4.11.1-cp310-cp310-manylinux_2_17_s390x.manylinux2014_s390x.whl", hash = "sha256:3fe9589d9a83f6e2abe88f32daa410276eddd038eb8f8f75975cf8ce834cea1f"},
    {file = "pymongo-4.11.1-cp310-cp310-manylinux_2_17_x86_64.manylinux2014_x86_64.whl", hash = "sha256:1cc6d48b74e9abe544dd71b000453ad06e65cbfcfd57c7342a9f012f65532eb2"},
    {file = "pymongo-4.11.1-cp310-cp310-manylinux_2_5_i686.manylinux1_i686.manylinux_2_17_i686.manylinux2014_i686.whl", hash = "sha256:1518931a4a26d3cb31a97b9187087c6378cd0b0401d7a7cc160e92223a2a3059"},
    {file = "pymongo-4.11.1-cp310-cp310-win32.whl", hash = "sha256:163c887384cb9fd16e0463128600867138a5a9a5344fc0903db08494b39a2d6e"},
    {file = "pymongo-4.11.1-cp310-cp310-win_amd64.whl", hash = "sha256:e147e08df329a7d23cbcb6213bc2fd360e51551626be828092fe2027f3473abc"},
    {file = "pymongo-4.11.1-cp311-cp311-macosx_10_9_x86_64.whl", hash = "sha256:8ac125f2782d8fe3f3ff93a396af5482d694093b3be3e06052197096c83acadc"},
    {file = "pymongo-4.11.1-cp311-cp311-macosx_11_0_arm64.whl", hash = "sha256:681806d3ecaf29b11e16a45c1f4c28f99d9d8283238f7b6ea9eee93b5d7bc6d2"},
    {file = "pymongo-4.11.1-cp311-cp311-manylinux_2_17_aarch64.manylinux2014_aarch64.whl", hash = "sha256:50210249a9bf67937e97205a312b96a4b1250b111cbaaff532d7a61bc2b1562d"},
    {file = "pymongo-4.11.1-cp311-cp311-manylinux_2_17_ppc64le.manylinux2014_ppc64le.whl", hash = "sha256:cdd0e404d5c3b1203ee61fcfee40a1f062f3780ce272febdc2378797b00401d1"},
    {file = "pymongo-4.11.1-cp311-cp311-manylinux_2_17_s390x.manylinux2014_s390x.whl", hash = "sha256:e6e46bcd3c2f86f442b721551ed5e5812294e4a93fce42517e173bd41d4cd2d8"},
    {file = "pymongo-4.11.1-cp311-cp311-manylinux_2_17_x86_64.manylinux2014_x86_64.whl", hash = "sha256:f28d179e7d434869e23f4582c941cb400f75e996cfea472693ec756ee213c685"},
    {file = "pymongo-4.11.1-cp311-cp311-manylinux_2_5_i686.manylinux1_i686.manylinux_2_17_i686.manylinux2014_i686.whl", hash = "sha256:b56dbb6883ce7adad8588464948e0723a3d881e5549f48c4767f1654e8e4cb7d"},
    {file = "pymongo-4.11.1-cp311-cp311-win32.whl", hash = "sha256:27bc58e0b1bebb17d2426d0cc191c579f2eeaf9692be880f93fe4180cf850ca7"},
    {file = "pymongo-4.11.1-cp311-cp311-win_amd64.whl", hash = "sha256:7751e6e99c79057b09441c6ab2a93fae10b4028478aac5b455db8b12f884a3c0"},
    {file = "pymongo-4.11.1-cp312-cp312-macosx_10_13_x86_64.whl", hash = "sha256:f96683f1dec7d28f12fe43a4d5c0df35d6b80348a9fbf5aac47fa284332a1f92"},
    {file = "pymongo-4.11.1-cp312-cp312-macosx_11_0_arm64.whl", hash = "sha256:157e6a722d051c4bab3e6bc34a1f80fc98101cf2d12139a94e51638d023198c5"},
    {file = "pymongo-4.11.1-cp312-cp312-manylinux_2_17_aarch64.manylinux2014_aarch64.whl", hash = "sha256:74503e853758e1eaa1cad2df9c08c8c35a3d26222cf6426d2cde4b2e8593b9b3"},
    {file = "pymongo-4.11.1-cp312-cp312-manylinux_2_17_ppc64le.manylinux2014_ppc64le.whl", hash = "sha256:b630596089106c968ddd252bde3fe692c420e24f214dd39ca517d26343d81012"},
    {file = "pymongo-4.11.1-cp312-cp312-manylinux_2_17_s390x.manylinux2014_s390x.whl", hash = "sha256:7007669eef871079d39a9bbcda0fbcd4252f9b575592804343d0b5c05849d65b"},
    {file = "pymongo-4.11.1-cp312-cp312-manylinux_2_17_x86_64.manylinux2014_x86_64.whl", hash = "sha256:488d1da6201e1350cfcd4deab599b32237ac2ac591180d44553a2c8e614f2c0e"},
    {file = "pymongo-4.11.1-cp312-cp312-manylinux_2_5_i686.manylinux1_i686.manylinux_2_17_i686.manylinux2014_i686.whl", hash = "sha256:908e65ab42cd4bf1ffeaafe8f11bb86b3f804d54227058794e33fff2963ccc86"},
    {file = "pymongo-4.11.1-cp312-cp312-win32.whl", hash = "sha256:2d1d956c15dd05f1e41c61f0dbcaec59f274db4814cff2c3d9c2508f58004c39"},
    {file = "pymongo-4.11.1-cp312-cp312-win_amd64.whl", hash = "sha256:c71655f4188c70032ba56ac7ead688449e4f86a4ccd8e57201ee283f2f591e1d"},
    {file = "pymongo-4.11.1-cp313-cp313-macosx_10_13_x86_64.whl", hash = "sha256:f845b46d77a5bcf0c9ee16f11c5bc84c63f4668d9ea4fc54cd923c8d48a1d521"},
    {file = "pymongo-4.11.1-cp313-cp313-macosx_11_0_arm64.whl", hash = "sha256:aadea45e01103f6ee4e80d76d4a27393a4e2bd93472ce4ebb894781f395e1053"},
    {file = "pymongo-4.11.1-cp313-cp313-manylinux_2_17_aarch64.manylinux2014_aarch64.whl", hash = "sha256:a63348c850df796199abef7e9afbd86c34449f56731c7ec70b3901df1f5c135b"},
    {file = "pymongo-4.11.1-cp313-cp313-manylinux_2_17_ppc64le.manylinux2014_ppc64le.whl", hash = "sha256:7dd7656794bfbfbe10723813332ec33eed29bd9bb7fc122c63829fd445eb8425"},
    {file = "pymongo-4.11.1-cp313-cp313-manylinux_2_17_s390x.manylinux2014_s390x.whl", hash = "sha256:7146ae04300ce6f83b75c639e97c3d0ce873f30edaac4b719ae173e886b9ff90"},
    {file = "pymongo-4.11.1-cp313-cp313-manylinux_2_17_x86_64.manylinux2014_x86_64.whl", hash = "sha256:698fb3d13126c0719077c98b40378cb9a6f4ab4a72b7691779aa01f1f6c66493"},
    {file = "pymongo-4.11.1-cp313-cp313-manylinux_2_5_i686.manylinux1_i686.manylinux_2_17_i686.manylinux2014_i686.whl", hash = "sha256:f415d9569720f408cc4dcc171f60299d454b0414f120666e6fdd349d414bf010"},
    {file = "pymongo-4.11.1-cp313-cp313-win32.whl", hash = "sha256:4aa2c40e391ca29a337bef2b46b495c3f24b5696a87a58f0a0676a8bf131f9f8"},
    {file = "pymongo-4.11.1-cp313-cp313-win_amd64.whl", hash = "sha256:1f871efa14a1f368559edff39ec03799ca108bfa8e1ba330b7ffc05eb958661f"},
    {file = "pymongo-4.11.1-cp313-cp313t-macosx_10_13_x86_64.whl", hash = "sha256:d293cec18624825937bd7f1d8bacf16104c79ced45a8ada93f08ec8a7a2ad17a"},
    {file = "pymongo-4.11.1-cp313-cp313t-macosx_11_0_arm64.whl", hash = "sha256:7b3ea3494f3e166a524529bb05a4fdda97afd77031fed3a63862fd815288c9df"},
    {file = "pymongo-4.11.1-cp313-cp313t-manylinux_2_17_aarch64.manylinux2014_aarch64.whl", hash = "sha256:d12f4c4579076b7351c63378e22f43d4ce4ed4f2c93208b653c4752f18f47309"},
    {file = "pymongo-4.11.1-cp313-cp313t-manylinux_2_17_ppc64le.manylinux2014_ppc64le.whl", hash = "sha256:0a8aba4818350d2a463e084ae2426d395e725525fe86bd0219240b265dc1ca52"},
    {file = "pymongo-4.11.1-cp313-cp313t-manylinux_2_17_s390x.manylinux2014_s390x.whl", hash = "sha256:f97f62e6edde15d1d3d08abd7e43f1787ee9e672b1bb8e9d9f5fd6ded24f5599"},
    {file = "pymongo-4.11.1-cp313-cp313t-manylinux_2_17_x86_64.manylinux2014_x86_64.whl", hash = "sha256:8a4e82dce301c97bb132dec28a487c1a609dc67948e9db7cbd23485875367204"},
    {file = "pymongo-4.11.1-cp313-cp313t-manylinux_2_5_i686.manylinux1_i686.manylinux_2_17_i686.manylinux2014_i686.whl", hash = "sha256:985a614ec24519f4a3d82aafb766c3f782a452fc46b32112d508a4e19b33fff3"},
    {file = "pymongo-4.11.1-cp313-cp313t-win32.whl", hash = "sha256:889d20850d5aaa4f19814462c06488553e70ed4c62195dbaad5d5662884778af"},
    {file = "pymongo-4.11.1-cp313-cp313t-win_amd64.whl", hash = "sha256:3854db4be39cb9e0c34add1fd7e515deab0b4ee30f3cc3978e057746d119ac12"},
    {file = "pymongo-4.11.1-cp39-cp39-macosx_10_9_x86_64.whl", hash = "sha256:61f9a7ca6eb47378809c94cd8fbdbc5ee90c4bbb0c18ddf5592d25ed95cf939c"},
    {file = "pymongo-4.11.1-cp39-cp39-macosx_11_0_arm64.whl", hash = "sha256:3b01623eb4a7ac58706e1920a94fbb47465f8ee19e7fbbb077e1707e37678863"},
    {file = "pymongo-4.11.1-cp39-cp39-manylinux_2_17_aarch64.manylinux2014_aarch64.whl", hash = "sha256:2737ad54f0cd38e19ebf76e6f34dbbc6927615a2973425e64475d15a65fc2f6b"},
    {file = "pymongo-4.11.1-cp39-cp39-manylinux_2_17_ppc64le.manylinux2014_ppc64le.whl", hash = "sha256:2d7f291245c1688655aa308bbba7c9afa8116692c4fa6ad2646a835ed277a67b"},
    {file = "pymongo-4.11.1-cp39-cp39-manylinux_2_17_s390x.manylinux2014_s390x.whl", hash = "sha256:892f2137282a0a993d342db6e4e6dc2f3db0b771831c2d505f7055c52c023198"},
    {file = "pymongo-4.11.1-cp39-cp39-manylinux_2_17_x86_64.manylinux2014_x86_64.whl", hash = "sha256:822a73d22970978a6e55751d53eb0948521fc8e1380e306b8644096b5230412f"},
    {file = "pymongo-4.11.1-cp39-cp39-manylinux_2_5_i686.manylinux1_i686.manylinux_2_17_i686.manylinux2014_i686.whl", hash = "sha256:18b669e15922316e25a318cf9ba594eae5a6c24285a70f455ea01571d70a47d2"},
    {file = "pymongo-4.11.1-cp39-cp39-manylinux_2_5_i686.manylinux1_i686.whl", hash = "sha256:9e7bac5fb1383a0df8b6881046207da20deb582a54e70c4c53ac9d4bbce323a3"},
    {file = "pymongo-4.11.1-cp39-cp39-manylinux_2_5_x86_64.manylinux1_x86_64.whl", hash = "sha256:34d8b0ee57ad2a07ecdccec06269a4530767c2befb68f4a185113c866ad20b00"},
    {file = "pymongo-4.11.1-cp39-cp39-win32.whl", hash = "sha256:490d3fd8006154894319af3a974764bf16baea87100222779f49c75cd8b16d3d"},
    {file = "pymongo-4.11.1-cp39-cp39-win_amd64.whl", hash = "sha256:1ed3c885ac221ddebd3e894aeae7b6bd84e7dbd4fd59f03e551d8f51455c7e9b"},
    {file = "pymongo-4.11.1.tar.gz", hash = "sha256:3757ce9257c3486eead45680a8895a0ed9ba27efaf1791fc0cf854367c21c638"},
]

[package.dependencies]
dnspython = ">=1.16.0,<3.0.0"

[package.extras]
aws = ["pymongo-auth-aws (>=1.1.0,<2.0.0)"]
docs = ["furo (==2024.8.6)", "readthedocs-sphinx-search (>=0.3,<1.0)", "sphinx (>=5.3,<9)", "sphinx-autobuild (>=2020.9.1)", "sphinx-rtd-theme (>=2,<4)", "sphinxcontrib-shellcheck (>=1,<2)"]
encryption = ["certifi", "pymongo-auth-aws (>=1.1.0,<2.0.0)", "pymongocrypt (>=1.12.0,<2.0.0)"]
gssapi = ["pykerberos", "winkerberos (>=0.5.0)"]
ocsp = ["certifi", "cryptography (>=2.5)", "pyopenssl (>=17.2.0)", "requests (<3.0.0)", "service-identity (>=18.1.0)"]
snappy = ["python-snappy"]
test = ["pytest (>=8.2)", "pytest-asyncio (>=0.24.0)"]
zstd = ["zstandard"]

[metadata]
lock-version = "2.0"
python-versions = "^3.10"
content-hash = "1aa7f3c01cc927867869146074904680d76200e3bccf026369bd2fa7bb05fe36"
